
Microsoft Visual Studio Solution File, Format Version 12.00
# Visual Studio Version 17
VisualStudioVersion = 17.7.34221.43
MinimumVisualStudioVersion = 10.0.40219.1
Project("{FAE04EC0-301F-11D3-BF4B-00C04F79EFBC}") = "CRUD", "CRUD\CRUD.csproj", "{DF23B083-C60E-434B-AEDB-6B6AAF56ACB2}"
EndProject
Global
	GlobalSection(SolutionConfigurationPlatforms) = preSolution
		Debug|Any CPU = Debug|Any CPU
		Release|Any CPU = Release|Any CPU
	EndGlobalSection
	GlobalSection(ProjectConfigurationPlatforms) = postSolution
		{DF23B083-C60E-434B-AEDB-6B6AAF56ACB2}.Debug|Any CPU.ActiveCfg = Debug|Any CPU
		{DF23B083-C60E-434B-AEDB-6B6AAF56ACB2}.Debug|Any CPU.Build.0 = Debug|Any CPU
		{DF23B083-C60E-434B-AEDB-6B6AAF56ACB2}.Release|Any CPU.ActiveCfg = Release|Any CPU
		{DF23B083-C60E-434B-AEDB-6B6AAF56ACB2}.Release|Any CPU.Build.0 = Release|Any CPU
	EndGlobalSection
	GlobalSection(SolutionProperties) = preSolution
		HideSolutionNode = FALSE
	EndGlobalSection
	GlobalSection(ExtensibilityGlobals) = postSolution
		SolutionGuid = {B2A915EC-011F-4144-A7EC-5D6C1A7054E7}
	EndGlobalSection
EndGlobal
